
Microsoft Visual Studio Solution File, Format Version 12.00
# Visual Studio Version 18
VisualStudioVersion = 18.3.11222.16 d18.3
MinimumVisualStudioVersion = 10.0.40219.1
Project("{2150E333-8FDC-42A3-9474-1A3956D46DE8}") = "Common", "Common", "{20962596-4F49-4F8F-9145-CCD9E1D0EEF0}"
EndProject
Project("{2150E333-8FDC-42A3-9474-1A3956D46DE8}") = "Extensions", "Extensions", "{3E4BDAE5-9D01-428D-A48F-5A8F943FE139}"
EndProject
Project("{2150E333-8FDC-42A3-9474-1A3956D46DE8}") = "Infrastructures", "Infrastructures", "{F18CA1AA-1C81-4D36-9AFE-463039E910C5}"
EndProject
Project("{2150E333-8FDC-42A3-9474-1A3956D46DE8}") = "Account", "Account", "{7A557690-74A2-4445-9ACB-99471FFB6386}"
EndProject
Project("{2150E333-8FDC-42A3-9474-1A3956D46DE8}") = "General", "General", "{C8D1C535-C743-49FF-8C9E-A24FF1956616}"
EndProject
Project("{2150E333-8FDC-42A3-9474-1A3956D46DE8}") = "Service", "Service", "{AD0F80D5-9866-4BE6-990B-9324F07B7DB3}"
EndProject
Project("{2150E333-8FDC-42A3-9474-1A3956D46DE8}") = "StorageAdapter", "StorageAdapter", "{F38B5E2B-85FC-47D5-9475-DDD8FE07FC1A}"
EndProject
Project("{2150E333-8FDC-42A3-9474-1A3956D46DE8}") = "Service", "Service", "{14C55602-1643-4190-98E5-D6031933BE9C}"
EndProject
Project("{FAE04EC0-301F-11D3-BF4B-00C04F79EFBC}") = "NpOn.CommonBaseDomain", "Common\Extensions\NpOn.CommonBaseDomain\NpOn.CommonBaseDomain.csproj", "{D5EE4983-5F28-4909-8B51-7EA8A5B772D0}"
EndProject
Project("{FAE04EC0-301F-11D3-BF4B-00C04F79EFBC}") = "NpOn.CommonEnums", "Common\Extensions\NpOn.CommonEnums\NpOn.CommonEnums.csproj", "{43DD894A-8903-4ABD-A311-023436355CB1}"
EndProject
Project("{FAE04EC0-301F-11D3-BF4B-00C04F79EFBC}") = "NpOn.CommonGrpcContract", "Common\Extensions\NpOn.CommonGrpcContract\NpOn.CommonGrpcContract.csproj", "{79A004BD-8413-4EDD-A597-91DBF102203D}"
EndProject
Project("{FAE04EC0-301F-11D3-BF4B-00C04F79EFBC}") = "NpOn.CommonInternalCache", "Common\Extensions\NpOn.CommonInternalCache\NpOn.CommonInternalCache.csproj", "{AE97027B-AB8D-4981-A8D3-AAE8FA7BA9A5}"
EndProject
Project("{FAE04EC0-301F-11D3-BF4B-00C04F79EFBC}") = "NpOn.CommonMode", "Common\Extensions\NpOn.CommonMode\NpOn.CommonMode.csproj", "{7281AD30-0ACD-4DCA-A953-2E3108C67A9F}"
EndProject
Project("{FAE04EC0-301F-11D3-BF4B-00C04F79EFBC}") = "NpOn.HandleFlow", "Common\Extensions\NpOn.HandleFlow\NpOn.HandleFlow.csproj", "{E30AC131-A9E1-4467-A9AA-8F4FA8185A21}"
EndProject
Project("{FAE04EC0-301F-11D3-BF4B-00C04F79EFBC}") = "NpOn.CassandraExtCm", "Common\Infrastructures\NpOn.CassandraExtCm\NpOn.CassandraExtCm.csproj", "{E2B9D48E-8C2F-4788-B0FD-E7D205ED4ADC}"
EndProject
Project("{FAE04EC0-301F-11D3-BF4B-00C04F79EFBC}") = "NpOn.MongoDbExtCm", "Common\Infrastructures\NpOn.MongoDbExtCm\NpOn.MongoDbExtCm.csproj", "{0A4B5B08-AC52-4678-9DFF-D81071C79D6D}"
EndProject
Project("{FAE04EC0-301F-11D3-BF4B-00C04F79EFBC}") = "NpOn.MssqlExtCm", "Common\Infrastructures\NpOn.MssqlExtCm\NpOn.MssqlExtCm.csproj", "{FDDB9ADC-7A54-41C9-AA6F-09022584AB5D}"
EndProject
Project("{FAE04EC0-301F-11D3-BF4B-00C04F79EFBC}") = "NpOn.PostgresExtCm", "Common\Infrastructures\NpOn.PostgresExtCm\NpOn.PostgresExtCm.csproj", "{6F1F9737-8F24-4B4B-A9A8-E5F8E7B81F41}"
EndProject
Project("{FAE04EC0-301F-11D3-BF4B-00C04F79EFBC}") = "NpOn.RabbitMqExtMs", "Common\Infrastructures\NpOn.RabbitMqExtMs\NpOn.RabbitMqExtMs.csproj", "{90CBDA50-8A86-405F-8FE0-17BDB174D01A}"
EndProject
Project("{FAE04EC0-301F-11D3-BF4B-00C04F79EFBC}") = "NpOn.RedisExtCm", "Common\Infrastructures\NpOn.RedisExtCm\NpOn.RedisExtCm.csproj", "{FA95B583-99B3-4A79-80FB-2078D6D7BE80}"
EndProject
Project("{FAE04EC0-301F-11D3-BF4B-00C04F79EFBC}") = "NpOn.KafkaExtCm", "Common\Infrastructures\NpOn.KafkaExtCm\NpOn.KafkaExtCm.csproj", "{E05E567D-A502-48AD-B50C-47A683D5C4D8}"
EndProject
Project("{2150E333-8FDC-42A3-9474-1A3956D46DE8}") = "Controllers", "Controllers", "{9085DC01-D7E4-41CA-9A48-D521F596FB20}"
EndProject
Project("{2150E333-8FDC-42A3-9474-1A3956D46DE8}") = "Applications", "Applications", "{BC1E392D-C850-43AE-AE5F-C684E5BD8246}"
EndProject
Project("{2150E333-8FDC-42A3-9474-1A3956D46DE8}") = "MicroServices", "MicroServices", "{C92D2A06-948D-455B-A37A-FD3F9AEEA75B}"
EndProject
Project("{2150E333-8FDC-42A3-9474-1A3956D46DE8}") = "Contract", "Contract", "{FB608317-87BC-4C9B-96E5-746DEA42BB7D}"
EndProject
Project("{2150E333-8FDC-42A3-9474-1A3956D46DE8}") = "Contract", "Contract", "{5DA54580-4412-40C5-A7A4-858A6256DCC6}"
EndProject
Project("{FAE04EC0-301F-11D3-BF4B-00C04F79EFBC}") = "NpOn.IAccountService", "MicroServices\Account\Service\NpOn.IAccountService\NpOn.IAccountService.csproj", "{5E8262E6-8CAC-4D07-A9BB-F799D20C764D}"
EndProject
Project("{FAE04EC0-301F-11D3-BF4B-00C04F79EFBC}") = "NpOn.GeneralService", "MicroServices\General\Service\NpOn.GeneralService\NpOn.GeneralService.csproj", "{8593219D-A865-4294-91D5-5E6AA97BFB3B}"
EndProject
Project("{FAE04EC0-301F-11D3-BF4B-00C04F79EFBC}") = "NpOn.IGeneralService", "MicroServices\General\Service\NpOn.IGeneralService\NpOn.IGeneralService.csproj", "{5ADD43E9-67CF-4936-AA1D-E7D5EB29BC2E}"
EndProject
Project("{FAE04EC0-301F-11D3-BF4B-00C04F79EFBC}") = "NpOn.AccountStorageAdapter", "MicroServices\Account\StorageAdapter\NpOn.AccountStorageAdapter\NpOn.AccountStorageAdapter.csproj", "{E509EB72-7307-46AB-8EDC-15FA710D23E0}"
EndProject
Project("{FAE04EC0-301F-11D3-BF4B-00C04F79EFBC}") = "NpOn.IAccountStorageAdapter", "MicroServices\Account\StorageAdapter\NpOn.IAccountStorageAdapter\NpOn.IAccountStorageAdapter.csproj", "{9A391F35-9902-40E2-BB8F-0DCF70D93555}"
EndProject
Project("{FAE04EC0-301F-11D3-BF4B-00C04F79EFBC}") = "NpOn.SSO", "Controllers\NpOn.SSO\NpOn.SSO.csproj", "{F1C7B178-F832-4BB7-ABCE-402DD81F424D}"
EndProject
Project("{FAE04EC0-301F-11D3-BF4B-00C04F79EFBC}") = "NpOn.AccountService", "MicroServices\Account\Service\NpOn.AccountService\NpOn.AccountService.csproj", "{16142B53-C936-46F0-8EBB-F0C480CAA492}"
EndProject
Project("{FAE04EC0-301F-11D3-BF4B-00C04F79EFBC}") = "NpOn.CommonApplication", "Common\Applications\NpOn.CommonApplication\NpOn.CommonApplication.csproj", "{A9A4A840-E728-4C38-98FF-D26A8EB81018}"
EndProject
Project("{FAE04EC0-301F-11D3-BF4B-00C04F79EFBC}") = "NpOn.CommonGrpcCall", "Common\Extensions\NpOn.CommonGrpcCall\NpOn.CommonGrpcCall.csproj", "{CD01AA0F-D628-4B3E-A095-B77A1D4BC7EA}"
EndProject
Project("{FAE04EC0-301F-11D3-BF4B-00C04F79EFBC}") = "NpOn.CommonHeaderConfig", "Common\Extensions\NpOn.CommonHeaderConfig\NpOn.CommonHeaderConfig.csproj", "{8AEB36D6-91D9-4F48-8DFD-6B2E9E27DD7D}"
EndProject
Project("{FAE04EC0-301F-11D3-BF4B-00C04F79EFBC}") = "NpOn.ElasticSearchExtCm", "Common\Infrastructures\NpOn.ElasticSearchExtCm\NpOn.ElasticSearchExtCm.csproj", "{661587D6-A78E-4EEB-B990-A7C94A5A1706}"
EndProject
Project("{2150E333-8FDC-42A3-9474-1A3956D46DE8}") = "ApplicationExtensions", "ApplicationExtensions", "{D9A3C4E6-CD1A-4C6E-AF3E-D5EE9E971B99}"
EndProject
Project("{FAE04EC0-301F-11D3-BF4B-00C04F79EFBC}") = "NpOn.KafkaAppExtUse", "Common\Applications\ApplicationExtensions\NpOn.KafkaAppExtUse\NpOn.KafkaAppExtUse.csproj", "{A01D4F34-D88E-4D41-A8B7-D0AA989234D3}"
EndProject
Project("{FAE04EC0-301F-11D3-BF4B-00C04F79EFBC}") = "NpOn.RabbitMqAppExtUse", "Common\Applications\ApplicationExtensions\NpOn.RabbitMqAppExtUse\NpOn.RabbitMqAppExtUse.csproj", "{BA4C9BED-4C6B-4EE4-BB2C-481A915EEC50}"
EndProject
Project("{FAE04EC0-301F-11D3-BF4B-00C04F79EFBC}") = "NpOn.PostgresAppExtUse", "Common\Applications\ApplicationExtensions\NpOn.PostgresAppExtUse\NpOn.PostgresAppExtUse.csproj", "{153924BB-6E93-48A8-B654-0A453FE0773F}"
EndProject
Project("{FAE04EC0-301F-11D3-BF4B-00C04F79EFBC}") = "NpOn.RedisAppExtUse", "Common\Applications\ApplicationExtensions\NpOn.RedisAppExtUse\NpOn.RedisAppExtUse.csproj", "{A381468D-AB40-4D0C-914E-9C75BE56EC61}"
EndProject
Project("{2150E333-8FDC-42A3-9474-1A3956D46DE8}") = "DbFactories", "DbFactories", "{B1A2A5B2-1473-4BFE-A5D8-C4F5CC9AF91B}"
EndProject
Project("{FAE04EC0-301F-11D3-BF4B-00C04F79EFBC}") = "NpOn.GenericDbFactory", "Common\Infrastructures\DbFactories\NpOn.GenericDbFactory\NpOn.GenericDbFactory.csproj", "{DA737249-975C-429E-88DC-5535C4DC0310}"
EndProject
Project("{FAE04EC0-301F-11D3-BF4B-00C04F79EFBC}") = "NpOn.PostgresFactory", "Common\Infrastructures\DbFactories\NpOn.PostgresFactory\NpOn.PostgresFactory.csproj", "{4390C66B-9667-4AE5-8C4D-A6A6D4F79576}"
EndProject
Project("{FAE04EC0-301F-11D3-BF4B-00C04F79EFBC}") = "NpOn.RedisFactory", "Common\Infrastructures\DbFactories\NpOn.RedisFactory\NpOn.RedisFactory.csproj", "{A16CFFCC-7CD0-46E1-9488-315708F968AF}"
EndProject
Project("{FAE04EC0-301F-11D3-BF4B-00C04F79EFBC}") = "NpOn.CommonHttpApplication", "Common\Applications\NpOn.CommonHttpApplication\NpOn.CommonHttpApplication.csproj", "{CF993624-123E-42E4-9890-4BBA08699474}"
EndProject
Project("{FAE04EC0-301F-11D3-BF4B-00C04F79EFBC}") = "NpOn.AddGrpcAppExtUse", "Common\Applications\ApplicationExtensions\NpOn.AddGrpcAppExtUse\NpOn.AddGrpcAppExtUse.csproj", "{2F7148F8-1ECD-448F-A43C-5B128029EE5B}"
EndProject
Project("{2150E333-8FDC-42A3-9474-1A3956D46DE8}") = "Definitions", "Definitions", "{E7D0F67A-DD58-4B3B-8781-9C43A42C5CC3}"
EndProject
Project("{FAE04EC0-301F-11D3-BF4B-00C04F79EFBC}") = "NpOn.AccountConstant", "MicroServices\Account\Definitions\NpOn.AccountConstant\NpOn.AccountConstant.csproj", "{59326AF4-5658-427F-8A51-8EEB8069AD47}"
EndProject
Project("{FAE04EC0-301F-11D3-BF4B-00C04F79EFBC}") = "NpOn.AccountEnum", "MicroServices\Account\Definitions\NpOn.AccountEnum\NpOn.AccountEnum.csproj", "{B0639C97-B889-4F6E-9FC4-16DC7FBF175D}"
EndProject
Project("{2150E333-8FDC-42A3-9474-1A3956D46DE8}") = "Definitions", "Definitions", "{0981D2BC-8812-4853-9BF4-BB06D07BEF67}"
EndProject
Project("{FAE04EC0-301F-11D3-BF4B-00C04F79EFBC}") = "NpOn.GeneralConstant", "MicroServices\General\Definitions\NpOn.GeneralConstant\NpOn.GeneralConstant.csproj", "{8F97B7DE-5032-4C7D-A4FE-B172B95E5108}"
EndProject
Project("{FAE04EC0-301F-11D3-BF4B-00C04F79EFBC}") = "NpOn.TokenValidatorExtUse", "Common\Applications\ApplicationExtensions\NpOn.TokenValidatorExtUse\NpOn.TokenValidatorExtUse.csproj", "{D57C1890-A023-4DDE-8834-05D9C9F33280}"
EndProject
Project("{FAE04EC0-301F-11D3-BF4B-00C04F79EFBC}") = "NpOn.ShareAccountConstant", "MicroServices\Account\Definitions\NpOn.ShareAccountConstant\NpOn.ShareAccountConstant.csproj", "{941A165E-90A8-4DDC-B4D7-8785C75A733A}"
EndProject
Project("{FAE04EC0-301F-11D3-BF4B-00C04F79EFBC}") = "NpOn.CommonScope", "Common\Extensions\NpOn.CommonScope\NpOn.CommonScope.csproj", "{1CA7C14F-6E72-4A74-B489-7CD0C0136CD6}"
EndProject
Project("{FAE04EC0-301F-11D3-BF4B-00C04F79EFBC}") = "NpOn.CommonDb", "Common\Extensions\NpOn.CommonDb\NpOn.CommonDb.csproj", "{F38C25E0-B91F-4337-8848-EA87CD2DB928}"
EndProject
Project("{FAE04EC0-301F-11D3-BF4B-00C04F79EFBC}") = "NpOn.ICommonDb", "Common\Extensions\NpOn.ICommonDb\NpOn.ICommonDb.csproj", "{A111616F-9CA4-4229-BA2D-11C56ECFE9C7}"
EndProject
Project("{FAE04EC0-301F-11D3-BF4B-00C04F79EFBC}") = "NpOn.BaseDbFactory", "Common\Extensions\NpOn.BaseDbFactory\NpOn.BaseDbFactory.csproj", "{E9D04675-63E2-4DE2-B3F0-49A6D8168E15}"
EndProject
Project("{FAE04EC0-301F-11D3-BF4B-00C04F79EFBC}") = "NpOn.CassandraAppExtUse", "Common\Applications\ApplicationExtensions\NpOn.CassandraAppExtUse\NpOn.CassandraAppExtUse.csproj", "{AD60B2C8-CA48-4D12-B7E7-4F6EE9539640}"
EndProject
Project("{FAE04EC0-301F-11D3-BF4B-00C04F79EFBC}") = "NpOn.CassandraFactory", "Common\Infrastructures\DbFactories\NpOn.CassandraFactory\NpOn.CassandraFactory.csproj", "{C7607972-6CE5-4606-9DED-B8FC83ECD96F}"
EndProject
Project("{2150E333-8FDC-42A3-9474-1A3956D46DE8}") = "Migration", "Migration", "{7C9DD3BB-942C-4869-8444-E3D60EC47860}"
EndProject
Project("{2150E333-8FDC-42A3-9474-1A3956D46DE8}") = "Service", "Service", "{5FBD1C82-E43E-45B8-882C-9E8FB616A1CF}"
EndProject
Project("{FAE04EC0-301F-11D3-BF4B-00C04F79EFBC}") = "NpOn.AccountServiceDomain", "MicroServices\Account\Contract\NpOn.AccountServiceDomain\NpOn.AccountServiceDomain.csproj", "{83BF6AFD-3EB9-478D-834A-A2CA20F5F306}"
EndProject
Project("{FAE04EC0-301F-11D3-BF4B-00C04F79EFBC}") = "NpOn.AccountServiceReadModel", "MicroServices\Account\Contract\NpOn.AccountServiceReadModel\NpOn.AccountServiceReadModel.csproj", "{993C96EB-978C-4C9F-920B-FCF55FB25026}"
EndProject
Project("{FAE04EC0-301F-11D3-BF4B-00C04F79EFBC}") = "NpOn.AccountServiceCommand", "MicroServices\Account\Contract\NpOn.AccountServiceCommand\NpOn.AccountServiceCommand.csproj", "{49D9D649-26F4-4A4B-95A8-9A1BEE16200E}"
EndProject
Project("{FAE04EC0-301F-11D3-BF4B-00C04F79EFBC}") = "NpOn.GeneralServiceReadModel", "MicroServices\General\Contract\NpOn.GeneralServiceReadModel\NpOn.GeneralServiceReadModel.csproj", "{3F67F1AC-1C51-4B03-B09B-F69444FCF5D9}"
EndProject
Project("{FAE04EC0-301F-11D3-BF4B-00C04F79EFBC}") = "NpOn.GeneralServiceCommand", "MicroServices\General\Contract\NpOn.GeneralServiceCommand\NpOn.GeneralServiceCommand.csproj", "{1DF783C2-C459-44A5-BCD7-8B4A46507AD7}"
EndProject
Project("{FAE04EC0-301F-11D3-BF4B-00C04F79EFBC}") = "NpOn.GeneralServiceDomain", "MicroServices\General\Contract\NpOn.GeneralServiceDomain\NpOn.GeneralServiceDomain.csproj", "{CF0DE47D-05E0-4092-932E-0200593B04BE}"
EndProject
Project("{FAE04EC0-301F-11D3-BF4B-00C04F79EFBC}") = "NpOn.ElasticSearchAppExtUse", "Common\Applications\ApplicationExtensions\NpOn.ElasticSearchAppExtUse\NpOn.ElasticSearchAppExtUse.csproj", "{C2DF4E1C-0F37-4341-A3BE-8647027BB42C}"
EndProject
Project("{FAE04EC0-301F-11D3-BF4B-00C04F79EFBC}") = "NpOn.ElasticSearchFactory", "Common\Infrastructures\DbFactories\NpOn.ElasticSearchFactory\NpOn.ElasticSearchFactory.csproj", "{DD52F8AE-9511-4340-AB28-299BBF674A94}"
EndProject
Project("{FAE04EC0-301F-11D3-BF4B-00C04F79EFBC}") = "NpOn.YugaByteExtCm", "Common\Infrastructures\NpOn.YugaByteExtCm\NpOn.YugaByteExtCm.csproj", "{69F0BF41-2EB9-469D-ADCF-D52B2E95311F}"
EndProject
Project("{FAE04EC0-301F-11D3-BF4B-00C04F79EFBC}") = "NpOn.YugaByteFactory", "Common\Infrastructures\DbFactories\NpOn.YugaByteFactory\NpOn.YugaByteFactory.csproj", "{5C19B343-D09A-4F4C-98CA-FC1CBDE65EB5}"
EndProject
Project("{FAE04EC0-301F-11D3-BF4B-00C04F79EFBC}") = "NpOn.YugaByteAppExtUse", "Common\Applications\ApplicationExtensions\NpOn.YugaByteAppExtUse\NpOn.YugaByteAppExtUse.csproj", "{F67A134B-EDB7-4D18-ADE9-09322916F9A2}"
EndProject
Project("{FAE04EC0-301F-11D3-BF4B-00C04F79EFBC}") = "NpOn.ClickHouseExtCm", "Common\Infrastructures\NpOn.ClickHouseExtCm\NpOn.ClickHouseExtCm.csproj", "{40F6729B-D82D-4168-AFEB-276E7A986FA4}"
EndProject
Project("{FAE04EC0-301F-11D3-BF4B-00C04F79EFBC}") = "NpOn.MssqlFactory", "Common\Infrastructures\DbFactories\NpOn.MssqlFactory\NpOn.MssqlFactory.csproj", "{6BD6CB91-D39C-4AF5-922C-24836F8FDC91}"
EndProject
Project("{FAE04EC0-301F-11D3-BF4B-00C04F79EFBC}") = "NpOn.MssqlAppExtUse", "Common\Applications\ApplicationExtensions\NpOn.MssqlAppExtUse\NpOn.MssqlAppExtUse.csproj", "{7462F877-3E4A-4558-9479-C90BC1D20E70}"
EndProject
Project("{FAE04EC0-301F-11D3-BF4B-00C04F79EFBC}") = "NpOn.ClickHouseFactory", "Common\Infrastructures\DbFactories\NpOn.ClickHouseFactory\NpOn.ClickHouseFactory.csproj", "{4FAF8CBD-4C05-448B-9CCA-3A3571E6E6C0}"
EndProject
Project("{FAE04EC0-301F-11D3-BF4B-00C04F79EFBC}") = "NpOn.ClickHouseAppExtUse", "Common\Applications\ApplicationExtensions\NpOn.ClickHouseAppExtUse\NpOn.ClickHouseAppExtUse.csproj", "{334C8237-7B95-4BB8-80ED-FECEE6DE771E}"
EndProject
Project("{2150E333-8FDC-42A3-9474-1A3956D46DE8}") = "Test", "Test", "{D412DDFA-3A6F-4F0C-9D02-A0C79F649DA2}"
EndProject
Project("{FAE04EC0-301F-11D3-BF4B-00C04F79EFBC}") = "NpOn.OmsDapper", "Test\NpOn.OmsDapper\NpOn.OmsDapper.csproj", "{BF0A03A0-E00D-47DB-A8C3-65D5257B86B4}"
EndProject
Project("{2150E333-8FDC-42A3-9474-1A3956D46DE8}") = "Tracker", "Tracker", "{F5DA1F02-8028-4E67-989B-655754D46885}"
EndProject
Project("{2150E333-8FDC-42A3-9474-1A3956D46DE8}") = "Service", "Service", "{1EA82BEB-5544-4557-9D60-41EEA413077D}"
EndProject
Project("{FAE04EC0-301F-11D3-BF4B-00C04F79EFBC}") = "NpOn.IMigrationService", "MicroServices\Migration\NpOn.IMigrationService\NpOn.IMigrationService.csproj", "{C6A92F8B-D117-4A22-94A7-CED5BB3814D4}"
EndProject
Project("{FAE04EC0-301F-11D3-BF4B-00C04F79EFBC}") = "NpOn.MigrationService", "MicroServices\Migration\NpOn.MigrationService\NpOn.MigrationService.csproj", "{5408F03D-2585-411A-BC61-3DDF989D1856}"
EndProject
Project("{FAE04EC0-301F-11D3-BF4B-00C04F79EFBC}") = "NpOn.MySqlExtCm", "Common\Infrastructures\NpOn.MySqlExtCm\NpOn.MySqlExtCm.csproj", "{D0DBB46B-130C-4B57-830A-2768606D3E7A}"
EndProject
Project("{FAE04EC0-301F-11D3-BF4B-00C04F79EFBC}") = "NpOn.MySqlFactory", "Common\Infrastructures\DbFactories\NpOn.MySqlFactory\NpOn.MySqlFactory.csproj", "{0207FC87-90F6-4956-B69C-69CC4987B42F}"
EndProject
Project("{FAE04EC0-301F-11D3-BF4B-00C04F79EFBC}") = "NpOn.MySqlAppExtUse", "Common\Applications\ApplicationExtensions\NpOn.MySqlAppExtUse\NpOn.MySqlAppExtUse.csproj", "{2321F7A2-684C-43FA-9266-98E12841D63B}"
EndProject
Project("{2150E333-8FDC-42A3-9474-1A3956D46DE8}") = "StorageAdapter", "StorageAdapter", "{78C8E1D1-2C28-4678-9395-311E875157A9}"
EndProject
Project("{2150E333-8FDC-42A3-9474-1A3956D46DE8}") = "Contract", "Contract", "{494DE85A-19DE-40C3-8DFF-FF87F943AE85}"
EndProject
Project("{FAE04EC0-301F-11D3-BF4B-00C04F79EFBC}") = "NpOn.ITrackerService", "MicroServices\Tracker\Service\NpOn.ITrackerService\NpOn.ITrackerService.csproj", "{A7FC6936-6FF2-450C-8C6B-4A7019ED238D}"
EndProject
Project("{FAE04EC0-301F-11D3-BF4B-00C04F79EFBC}") = "NpOn.TrackerService", "MicroServices\Tracker\Service\NpOn.TrackerService\NpOn.TrackerService.csproj", "{C41382C2-6407-42D1-84B5-64197B6C9CB4}"
EndProject
Project("{FAE04EC0-301F-11D3-BF4B-00C04F79EFBC}") = "NpOn.TrackerServiceCommand", "MicroServices\Tracker\Contract\NpOn.TrackerServiceCommand\NpOn.TrackerServiceCommand.csproj", "{73E584D0-9A52-45C7-B7E5-2878CF975963}"
EndProject
Project("{FAE04EC0-301F-11D3-BF4B-00C04F79EFBC}") = "NpOn.TrackerServiceDomain", "MicroServices\Tracker\Contract\NpOn.TrackerServiceDomain\NpOn.TrackerServiceDomain.csproj", "{55781816-5E1D-4587-BC81-AE0D3962945F}"
EndProject
Project("{FAE04EC0-301F-11D3-BF4B-00C04F79EFBC}") = "NpOn.TrackerServiceReadModel", "MicroServices\Tracker\Contract\NpOn.TrackerServiceReadModel\NpOn.TrackerServiceReadModel.csproj", "{1BDC8965-7472-4EFA-915A-C3D018E29A10}"
EndProject
Project("{FAE04EC0-301F-11D3-BF4B-00C04F79EFBC}") = "NpOn.ITrackerStorageAdapter", "MicroServices\Tracker\StorageAdapter\NpOn.ITrackerStorageAdapter\NpOn.ITrackerStorageAdapter.csproj", "{1CDC4842-CEBC-4D4E-B4CE-B6D0E24D51B5}"
EndProject
Project("{FAE04EC0-301F-11D3-BF4B-00C04F79EFBC}") = "NpOn.TrackerStorageAdapter", "MicroServices\Tracker\StorageAdapter\NpOn.TrackerStorageAdapter\NpOn.TrackerStorageAdapter.csproj", "{A7207E22-F219-4C4E-9B07-AC676610BB0A}"
EndProject
Project("{2150E333-8FDC-42A3-9474-1A3956D46DE8}") = "Definitions", "Definitions", "{D4998A72-37CC-4683-AEC5-0111CCB9154B}"
EndProject
Project("{FAE04EC0-301F-11D3-BF4B-00C04F79EFBC}") = "NpOn.TrackerEnum", "MicroServices\Tracker\Definitions\NpOn.TrackerEnum\NpOn.TrackerEnum.csproj", "{FA77F870-33F9-4AD7-9809-3A996252859F}"
EndProject
Project("{FAE04EC0-301F-11D3-BF4B-00C04F79EFBC}") = "NpOn.TrackerConstant", "MicroServices\Tracker\Definitions\NpOn.TrackerConstant\NpOn.TrackerConstant.csproj", "{5EF5ED5E-E734-448B-93AA-C839DBFBD871}"
EndProject
Project("{FAE04EC0-301F-11D3-BF4B-00C04F79EFBC}") = "NpOn.Neo4JFactory", "Common\Infrastructures\DbFactories\NpOn.Neo4JFactory\NpOn.Neo4JFactory.csproj", "{5EC321B8-F648-4306-99DE-69D5AD44D773}"
EndProject
Project("{FAE04EC0-301F-11D3-BF4B-00C04F79EFBC}") = "NpOn.Neo4JAppExtUse", "Common\Applications\ApplicationExtensions\NpOn.Neo4JAppExtUse\NpOn.Neo4JAppExtUse.csproj", "{1F970107-038B-48F9-880F-79E8D04BE98E}"
EndProject
Project("{FAE04EC0-301F-11D3-BF4B-00C04F79EFBC}") = "NpOn.Neo4JExtCm", "Common\Infrastructures\NpOn.Neo4JExtCm\NpOn.Neo4JExtCm.csproj", "{451874AC-202D-45BE-AB5B-600B09A4FD76}"
EndProject
Global
	GlobalSection(SolutionConfigurationPlatforms) = preSolution
		Debug|Any CPU = Debug|Any CPU
		Release|Any CPU = Release|Any CPU
	EndGlobalSection
	GlobalSection(ProjectConfigurationPlatforms) = postSolution
		{D5EE4983-5F28-4909-8B51-7EA8A5B772D0}.Debug|Any CPU.ActiveCfg = Debug|Any CPU
		{D5EE4983-5F28-4909-8B51-7EA8A5B772D0}.Debug|Any CPU.Build.0 = Debug|Any CPU
		{D5EE4983-5F28-4909-8B51-7EA8A5B772D0}.Release|Any CPU.ActiveCfg = Release|Any CPU
		{D5EE4983-5F28-4909-8B51-7EA8A5B772D0}.Release|Any CPU.Build.0 = Release|Any CPU
		{43DD894A-8903-4ABD-A311-023436355CB1}.Debug|Any CPU.ActiveCfg = Debug|Any CPU
		{43DD894A-8903-4ABD-A311-023436355CB1}.Debug|Any CPU.Build.0 = Debug|Any CPU
		{43DD894A-8903-4ABD-A311-023436355CB1}.Release|Any CPU.ActiveCfg = Release|Any CPU
		{43DD894A-8903-4ABD-A311-023436355CB1}.Release|Any CPU.Build.0 = Release|Any CPU
		{79A004BD-8413-4EDD-A597-91DBF102203D}.Debug|Any CPU.ActiveCfg = Debug|Any CPU
		{79A004BD-8413-4EDD-A597-91DBF102203D}.Debug|Any CPU.Build.0 = Debug|Any CPU
		{79A004BD-8413-4EDD-A597-91DBF102203D}.Release|Any CPU.ActiveCfg = Release|Any CPU
		{79A004BD-8413-4EDD-A597-91DBF102203D}.Release|Any CPU.Build.0 = Release|Any CPU
		{AE97027B-AB8D-4981-A8D3-AAE8FA7BA9A5}.Debug|Any CPU.ActiveCfg = Debug|Any CPU
		{AE97027B-AB8D-4981-A8D3-AAE8FA7BA9A5}.Debug|Any CPU.Build.0 = Debug|Any CPU
		{AE97027B-AB8D-4981-A8D3-AAE8FA7BA9A5}.Release|Any CPU.ActiveCfg = Release|Any CPU
		{AE97027B-AB8D-4981-A8D3-AAE8FA7BA9A5}.Release|Any CPU.Build.0 = Release|Any CPU
		{7281AD30-0ACD-4DCA-A953-2E3108C67A9F}.Debug|Any CPU.ActiveCfg = Debug|Any CPU
		{7281AD30-0ACD-4DCA-A953-2E3108C67A9F}.Debug|Any CPU.Build.0 = Debug|Any CPU
		{7281AD30-0ACD-4DCA-A953-2E3108C67A9F}.Release|Any CPU.ActiveCfg = Release|Any CPU
		{7281AD30-0ACD-4DCA-A953-2E3108C67A9F}.Release|Any CPU.Build.0 = Release|Any CPU
		{E30AC131-A9E1-4467-A9AA-8F4FA8185A21}.Debug|Any CPU.ActiveCfg = Debug|Any CPU
		{E30AC131-A9E1-4467-A9AA-8F4FA8185A21}.Debug|Any CPU.Build.0 = Debug|Any CPU
		{E30AC131-A9E1-4467-A9AA-8F4FA8185A21}.Release|Any CPU.ActiveCfg = Release|Any CPU
		{E30AC131-A9E1-4467-A9AA-8F4FA8185A21}.Release|Any CPU.Build.0 = Release|Any CPU
		{E2B9D48E-8C2F-4788-B0FD-E7D205ED4ADC}.Debug|Any CPU.ActiveCfg = Debug|Any CPU
		{E2B9D48E-8C2F-4788-B0FD-E7D205ED4ADC}.Debug|Any CPU.Build.0 = Debug|Any CPU
		{E2B9D48E-8C2F-4788-B0FD-E7D205ED4ADC}.Release|Any CPU.ActiveCfg = Release|Any CPU
		{E2B9D48E-8C2F-4788-B0FD-E7D205ED4ADC}.Release|Any CPU.Build.0 = Release|Any CPU
		{0A4B5B08-AC52-4678-9DFF-D81071C79D6D}.Debug|Any CPU.ActiveCfg = Debug|Any CPU
		{0A4B5B08-AC52-4678-9DFF-D81071C79D6D}.Debug|Any CPU.Build.0 = Debug|Any CPU
		{0A4B5B08-AC52-4678-9DFF-D81071C79D6D}.Release|Any CPU.ActiveCfg = Release|Any CPU
		{0A4B5B08-AC52-4678-9DFF-D81071C79D6D}.Release|Any CPU.Build.0 = Release|Any CPU
		{FDDB9ADC-7A54-41C9-AA6F-09022584AB5D}.Debug|Any CPU.ActiveCfg = Debug|Any CPU
		{FDDB9ADC-7A54-41C9-AA6F-09022584AB5D}.Debug|Any CPU.Build.0 = Debug|Any CPU
		{FDDB9ADC-7A54-41C9-AA6F-09022584AB5D}.Release|Any CPU.ActiveCfg = Release|Any CPU
		{FDDB9ADC-7A54-41C9-AA6F-09022584AB5D}.Release|Any CPU.Build.0 = Release|Any CPU
		{6F1F9737-8F24-4B4B-A9A8-E5F8E7B81F41}.Debug|Any CPU.ActiveCfg = Debug|Any CPU
		{6F1F9737-8F24-4B4B-A9A8-E5F8E7B81F41}.Debug|Any CPU.Build.0 = Debug|Any CPU
		{6F1F9737-8F24-4B4B-A9A8-E5F8E7B81F41}.Release|Any CPU.ActiveCfg = Release|Any CPU
		{6F1F9737-8F24-4B4B-A9A8-E5F8E7B81F41}.Release|Any CPU.Build.0 = Release|Any CPU
		{90CBDA50-8A86-405F-8FE0-17BDB174D01A}.Debug|Any CPU.ActiveCfg = Debug|Any CPU
		{90CBDA50-8A86-405F-8FE0-17BDB174D01A}.Debug|Any CPU.Build.0 = Debug|Any CPU
		{90CBDA50-8A86-405F-8FE0-17BDB174D01A}.Release|Any CPU.ActiveCfg = Release|Any CPU
		{90CBDA50-8A86-405F-8FE0-17BDB174D01A}.Release|Any CPU.Build.0 = Release|Any CPU
		{FA95B583-99B3-4A79-80FB-2078D6D7BE80}.Debug|Any CPU.ActiveCfg = Debug|Any CPU
		{FA95B583-99B3-4A79-80FB-2078D6D7BE80}.Debug|Any CPU.Build.0 = Debug|Any CPU
		{FA95B583-99B3-4A79-80FB-2078D6D7BE80}.Release|Any CPU.ActiveCfg = Release|Any CPU
		{FA95B583-99B3-4A79-80FB-2078D6D7BE80}.Release|Any CPU.Build.0 = Release|Any CPU
		{E05E567D-A502-48AD-B50C-47A683D5C4D8}.Debug|Any CPU.ActiveCfg = Debug|Any CPU
		{E05E567D-A502-48AD-B50C-47A683D5C4D8}.Debug|Any CPU.Build.0 = Debug|Any CPU
		{E05E567D-A502-48AD-B50C-47A683D5C4D8}.Release|Any CPU.ActiveCfg = Release|Any CPU
		{E05E567D-A502-48AD-B50C-47A683D5C4D8}.Release|Any CPU.Build.0 = Release|Any CPU
		{D9B8ADF2-6410-4ED3-8F5F-92BF15B53D3C}.Debug|Any CPU.ActiveCfg = Debug|Any CPU
		{D9B8ADF2-6410-4ED3-8F5F-92BF15B53D3C}.Debug|Any CPU.Build.0 = Debug|Any CPU
		{D9B8ADF2-6410-4ED3-8F5F-92BF15B53D3C}.Release|Any CPU.ActiveCfg = Release|Any CPU
		{D9B8ADF2-6410-4ED3-8F5F-92BF15B53D3C}.Release|Any CPU.Build.0 = Release|Any CPU
		{5E8262E6-8CAC-4D07-A9BB-F799D20C764D}.Debug|Any CPU.ActiveCfg = Debug|Any CPU
		{5E8262E6-8CAC-4D07-A9BB-F799D20C764D}.Debug|Any CPU.Build.0 = Debug|Any CPU
		{5E8262E6-8CAC-4D07-A9BB-F799D20C764D}.Release|Any CPU.ActiveCfg = Release|Any CPU
		{5E8262E6-8CAC-4D07-A9BB-F799D20C764D}.Release|Any CPU.Build.0 = Release|Any CPU
		{8593219D-A865-4294-91D5-5E6AA97BFB3B}.Debug|Any CPU.ActiveCfg = Debug|Any CPU
		{8593219D-A865-4294-91D5-5E6AA97BFB3B}.Debug|Any CPU.Build.0 = Debug|Any CPU
		{8593219D-A865-4294-91D5-5E6AA97BFB3B}.Release|Any CPU.ActiveCfg = Release|Any CPU
		{8593219D-A865-4294-91D5-5E6AA97BFB3B}.Release|Any CPU.Build.0 = Release|Any CPU
		{5ADD43E9-67CF-4936-AA1D-E7D5EB29BC2E}.Debug|Any CPU.ActiveCfg = Debug|Any CPU
		{5ADD43E9-67CF-4936-AA1D-E7D5EB29BC2E}.Debug|Any CPU.Build.0 = Debug|Any CPU
		{5ADD43E9-67CF-4936-AA1D-E7D5EB29BC2E}.Release|Any CPU.ActiveCfg = Release|Any CPU
		{5ADD43E9-67CF-4936-AA1D-E7D5EB29BC2E}.Release|Any CPU.Build.0 = Release|Any CPU
		{E509EB72-7307-46AB-8EDC-15FA710D23E0}.Debug|Any CPU.ActiveCfg = Debug|Any CPU
		{E509EB72-7307-46AB-8EDC-15FA710D23E0}.Debug|Any CPU.Build.0 = Debug|Any CPU
		{E509EB72-7307-46AB-8EDC-15FA710D23E0}.Release|Any CPU.ActiveCfg = Release|Any CPU
		{E509EB72-7307-46AB-8EDC-15FA710D23E0}.Release|Any CPU.Build.0 = Release|Any CPU
		{9A391F35-9902-40E2-BB8F-0DCF70D93555}.Debug|Any CPU.ActiveCfg = Debug|Any CPU
		{9A391F35-9902-40E2-BB8F-0DCF70D93555}.Debug|Any CPU.Build.0 = Debug|Any CPU
		{9A391F35-9902-40E2-BB8F-0DCF70D93555}.Release|Any CPU.ActiveCfg = Release|Any CPU
		{9A391F35-9902-40E2-BB8F-0DCF70D93555}.Release|Any CPU.Build.0 = Release|Any CPU
		{F1C7B178-F832-4BB7-ABCE-402DD81F424D}.Debug|Any CPU.ActiveCfg = Debug|Any CPU
		{F1C7B178-F832-4BB7-ABCE-402DD81F424D}.Debug|Any CPU.Build.0 = Debug|Any CPU
		{F1C7B178-F832-4BB7-ABCE-402DD81F424D}.Release|Any CPU.ActiveCfg = Release|Any CPU
		{F1C7B178-F832-4BB7-ABCE-402DD81F424D}.Release|Any CPU.Build.0 = Release|Any CPU
		{16142B53-C936-46F0-8EBB-F0C480CAA492}.Debug|Any CPU.ActiveCfg = Debug|Any CPU
		{16142B53-C936-46F0-8EBB-F0C480CAA492}.Debug|Any CPU.Build.0 = Debug|Any CPU
		{16142B53-C936-46F0-8EBB-F0C480CAA492}.Release|Any CPU.ActiveCfg = Release|Any CPU
		{16142B53-C936-46F0-8EBB-F0C480CAA492}.Release|Any CPU.Build.0 = Release|Any CPU
		{A9A4A840-E728-4C38-98FF-D26A8EB81018}.Debug|Any CPU.ActiveCfg = Debug|Any CPU
		{A9A4A840-E728-4C38-98FF-D26A8EB81018}.Debug|Any CPU.Build.0 = Debug|Any CPU
		{A9A4A840-E728-4C38-98FF-D26A8EB81018}.Release|Any CPU.ActiveCfg = Release|Any CPU
		{A9A4A840-E728-4C38-98FF-D26A8EB81018}.Release|Any CPU.Build.0 = Release|Any CPU
		{CD01AA0F-D628-4B3E-A095-B77A1D4BC7EA}.Debug|Any CPU.ActiveCfg = Debug|Any CPU
		{CD01AA0F-D628-4B3E-A095-B77A1D4BC7EA}.Debug|Any CPU.Build.0 = Debug|Any CPU
		{CD01AA0F-D628-4B3E-A095-B77A1D4BC7EA}.Release|Any CPU.ActiveCfg = Release|Any CPU
		{CD01AA0F-D628-4B3E-A095-B77A1D4BC7EA}.Release|Any CPU.Build.0 = Release|Any CPU
		{8AEB36D6-91D9-4F48-8DFD-6B2E9E27DD7D}.Debug|Any CPU.ActiveCfg = Debug|Any CPU
		{8AEB36D6-91D9-4F48-8DFD-6B2E9E27DD7D}.Debug|Any CPU.Build.0 = Debug|Any CPU
		{8AEB36D6-91D9-4F48-8DFD-6B2E9E27DD7D}.Release|Any CPU.ActiveCfg = Release|Any CPU
		{8AEB36D6-91D9-4F48-8DFD-6B2E9E27DD7D}.Release|Any CPU.Build.0 = Release|Any CPU
		{661587D6-A78E-4EEB-B990-A7C94A5A1706}.Debug|Any CPU.ActiveCfg = Debug|Any CPU
		{661587D6-A78E-4EEB-B990-A7C94A5A1706}.Debug|Any CPU.Build.0 = Debug|Any CPU
		{661587D6-A78E-4EEB-B990-A7C94A5A1706}.Release|Any CPU.ActiveCfg = Release|Any CPU
		{661587D6-A78E-4EEB-B990-A7C94A5A1706}.Release|Any CPU.Build.0 = Release|Any CPU
		{A01D4F34-D88E-4D41-A8B7-D0AA989234D3}.Debug|Any CPU.ActiveCfg = Debug|Any CPU
		{A01D4F34-D88E-4D41-A8B7-D0AA989234D3}.Debug|Any CPU.Build.0 = Debug|Any CPU
		{A01D4F34-D88E-4D41-A8B7-D0AA989234D3}.Release|Any CPU.ActiveCfg = Release|Any CPU
		{A01D4F34-D88E-4D41-A8B7-D0AA989234D3}.Release|Any CPU.Build.0 = Release|Any CPU
		{BA4C9BED-4C6B-4EE4-BB2C-481A915EEC50}.Debug|Any CPU.ActiveCfg = Debug|Any CPU
		{BA4C9BED-4C6B-4EE4-BB2C-481A915EEC50}.Debug|Any CPU.Build.0 = Debug|Any CPU
		{BA4C9BED-4C6B-4EE4-BB2C-481A915EEC50}.Release|Any CPU.ActiveCfg = Release|Any CPU
		{BA4C9BED-4C6B-4EE4-BB2C-481A915EEC50}.Release|Any CPU.Build.0 = Release|Any CPU
		{153924BB-6E93-48A8-B654-0A453FE0773F}.Debug|Any CPU.ActiveCfg = Debug|Any CPU
		{153924BB-6E93-48A8-B654-0A453FE0773F}.Debug|Any CPU.Build.0 = Debug|Any CPU
		{153924BB-6E93-48A8-B654-0A453FE0773F}.Release|Any CPU.ActiveCfg = Release|Any CPU
		{153924BB-6E93-48A8-B654-0A453FE0773F}.Release|Any CPU.Build.0 = Release|Any CPU
		{A381468D-AB40-4D0C-914E-9C75BE56EC61}.Debug|Any CPU.ActiveCfg = Debug|Any CPU
		{A381468D-AB40-4D0C-914E-9C75BE56EC61}.Debug|Any CPU.Build.0 = Debug|Any CPU
		{A381468D-AB40-4D0C-914E-9C75BE56EC61}.Release|Any CPU.ActiveCfg = Release|Any CPU
		{A381468D-AB40-4D0C-914E-9C75BE56EC61}.Release|Any CPU.Build.0 = Release|Any CPU
		{DA737249-975C-429E-88DC-5535C4DC0310}.Debug|Any CPU.ActiveCfg = Debug|Any CPU
		{DA737249-975C-429E-88DC-5535C4DC0310}.Debug|Any CPU.Build.0 = Debug|Any CPU
		{DA737249-975C-429E-88DC-5535C4DC0310}.Release|Any CPU.ActiveCfg = Release|Any CPU
		{DA737249-975C-429E-88DC-5535C4DC0310}.Release|Any CPU.Build.0 = Release|Any CPU
		{4390C66B-9667-4AE5-8C4D-A6A6D4F79576}.Debug|Any CPU.ActiveCfg = Debug|Any CPU
		{4390C66B-9667-4AE5-8C4D-A6A6D4F79576}.Debug|Any CPU.Build.0 = Debug|Any CPU
		{4390C66B-9667-4AE5-8C4D-A6A6D4F79576}.Release|Any CPU.ActiveCfg = Release|Any CPU
		{4390C66B-9667-4AE5-8C4D-A6A6D4F79576}.Release|Any CPU.Build.0 = Release|Any CPU
		{A16CFFCC-7CD0-46E1-9488-315708F968AF}.Debug|Any CPU.ActiveCfg = Debug|Any CPU
		{A16CFFCC-7CD0-46E1-9488-315708F968AF}.Debug|Any CPU.Build.0 = Debug|Any CPU
		{A16CFFCC-7CD0-46E1-9488-315708F968AF}.Release|Any CPU.ActiveCfg = Release|Any CPU
		{A16CFFCC-7CD0-46E1-9488-315708F968AF}.Release|Any CPU.Build.0 = Release|Any CPU
		{CF993624-123E-42E4-9890-4BBA08699474}.Debug|Any CPU.ActiveCfg = Debug|Any CPU
		{CF993624-123E-42E4-9890-4BBA08699474}.Debug|Any CPU.Build.0 = Debug|Any CPU
		{CF993624-123E-42E4-9890-4BBA08699474}.Release|Any CPU.ActiveCfg = Release|Any CPU
		{CF993624-123E-42E4-9890-4BBA08699474}.Release|Any CPU.Build.0 = Release|Any CPU
		{2F7148F8-1ECD-448F-A43C-5B128029EE5B}.Debug|Any CPU.ActiveCfg = Debug|Any CPU
		{2F7148F8-1ECD-448F-A43C-5B128029EE5B}.Debug|Any CPU.Build.0 = Debug|Any CPU
		{2F7148F8-1ECD-448F-A43C-5B128029EE5B}.Release|Any CPU.ActiveCfg = Release|Any CPU
		{2F7148F8-1ECD-448F-A43C-5B128029EE5B}.Release|Any CPU.Build.0 = Release|Any CPU
		{59326AF4-5658-427F-8A51-8EEB8069AD47}.Debug|Any CPU.ActiveCfg = Debug|Any CPU
		{59326AF4-5658-427F-8A51-8EEB8069AD47}.Debug|Any CPU.Build.0 = Debug|Any CPU
		{59326AF4-5658-427F-8A51-8EEB8069AD47}.Release|Any CPU.ActiveCfg = Release|Any CPU
		{59326AF4-5658-427F-8A51-8EEB8069AD47}.Release|Any CPU.Build.0 = Release|Any CPU
		{B0639C97-B889-4F6E-9FC4-16DC7FBF175D}.Debug|Any CPU.ActiveCfg = Debug|Any CPU
		{B0639C97-B889-4F6E-9FC4-16DC7FBF175D}.Debug|Any CPU.Build.0 = Debug|Any CPU
		{B0639C97-B889-4F6E-9FC4-16DC7FBF175D}.Release|Any CPU.ActiveCfg = Release|Any CPU
		{B0639C97-B889-4F6E-9FC4-16DC7FBF175D}.Release|Any CPU.Build.0 = Release|Any CPU
		{8F97B7DE-5032-4C7D-A4FE-B172B95E5108}.Debug|Any CPU.ActiveCfg = Debug|Any CPU
		{8F97B7DE-5032-4C7D-A4FE-B172B95E5108}.Debug|Any CPU.Build.0 = Debug|Any CPU
		{8F97B7DE-5032-4C7D-A4FE-B172B95E5108}.Release|Any CPU.ActiveCfg = Release|Any CPU
		{8F97B7DE-5032-4C7D-A4FE-B172B95E5108}.Release|Any CPU.Build.0 = Release|Any CPU
		{D57C1890-A023-4DDE-8834-05D9C9F33280}.Debug|Any CPU.ActiveCfg = Debug|Any CPU
		{D57C1890-A023-4DDE-8834-05D9C9F33280}.Debug|Any CPU.Build.0 = Debug|Any CPU
		{D57C1890-A023-4DDE-8834-05D9C9F33280}.Release|Any CPU.ActiveCfg = Release|Any CPU
		{D57C1890-A023-4DDE-8834-05D9C9F33280}.Release|Any CPU.Build.0 = Release|Any CPU
		{941A165E-90A8-4DDC-B4D7-8785C75A733A}.Debug|Any CPU.ActiveCfg = Debug|Any CPU
		{941A165E-90A8-4DDC-B4D7-8785C75A733A}.Debug|Any CPU.Build.0 = Debug|Any CPU
		{941A165E-90A8-4DDC-B4D7-8785C75A733A}.Release|Any CPU.ActiveCfg = Release|Any CPU
		{941A165E-90A8-4DDC-B4D7-8785C75A733A}.Release|Any CPU.Build.0 = Release|Any CPU
		{1CA7C14F-6E72-4A74-B489-7CD0C0136CD6}.Debug|Any CPU.ActiveCfg = Debug|Any CPU
		{1CA7C14F-6E72-4A74-B489-7CD0C0136CD6}.Debug|Any CPU.Build.0 = Debug|Any CPU
		{1CA7C14F-6E72-4A74-B489-7CD0C0136CD6}.Release|Any CPU.ActiveCfg = Release|Any CPU
		{1CA7C14F-6E72-4A74-B489-7CD0C0136CD6}.Release|Any CPU.Build.0 = Release|Any CPU
		{F38C25E0-B91F-4337-8848-EA87CD2DB928}.Debug|Any CPU.ActiveCfg = Debug|Any CPU
		{F38C25E0-B91F-4337-8848-EA87CD2DB928}.Debug|Any CPU.Build.0 = Debug|Any CPU
		{F38C25E0-B91F-4337-8848-EA87CD2DB928}.Release|Any CPU.ActiveCfg = Release|Any CPU
		{F38C25E0-B91F-4337-8848-EA87CD2DB928}.Release|Any CPU.Build.0 = Release|Any CPU
		{A111616F-9CA4-4229-BA2D-11C56ECFE9C7}.Debug|Any CPU.ActiveCfg = Debug|Any CPU
		{A111616F-9CA4-4229-BA2D-11C56ECFE9C7}.Debug|Any CPU.Build.0 = Debug|Any CPU
		{A111616F-9CA4-4229-BA2D-11C56ECFE9C7}.Release|Any CPU.ActiveCfg = Release|Any CPU
		{A111616F-9CA4-4229-BA2D-11C56ECFE9C7}.Release|Any CPU.Build.0 = Release|Any CPU
		{E9D04675-63E2-4DE2-B3F0-49A6D8168E15}.Debug|Any CPU.ActiveCfg = Debug|Any CPU
		{E9D04675-63E2-4DE2-B3F0-49A6D8168E15}.Debug|Any CPU.Build.0 = Debug|Any CPU
		{E9D04675-63E2-4DE2-B3F0-49A6D8168E15}.Release|Any CPU.ActiveCfg = Release|Any CPU
		{E9D04675-63E2-4DE2-B3F0-49A6D8168E15}.Release|Any CPU.Build.0 = Release|Any CPU
		{AD60B2C8-CA48-4D12-B7E7-4F6EE9539640}.Debug|Any CPU.ActiveCfg = Debug|Any CPU
		{AD60B2C8-CA48-4D12-B7E7-4F6EE9539640}.Debug|Any CPU.Build.0 = Debug|Any CPU
		{AD60B2C8-CA48-4D12-B7E7-4F6EE9539640}.Release|Any CPU.ActiveCfg = Release|Any CPU
		{AD60B2C8-CA48-4D12-B7E7-4F6EE9539640}.Release|Any CPU.Build.0 = Release|Any CPU
		{C7607972-6CE5-4606-9DED-B8FC83ECD96F}.Debug|Any CPU.ActiveCfg = Debug|Any CPU
		{C7607972-6CE5-4606-9DED-B8FC83ECD96F}.Debug|Any CPU.Build.0 = Debug|Any CPU
		{C7607972-6CE5-4606-9DED-B8FC83ECD96F}.Release|Any CPU.ActiveCfg = Release|Any CPU
		{C7607972-6CE5-4606-9DED-B8FC83ECD96F}.Release|Any CPU.Build.0 = Release|Any CPU
		{83BF6AFD-3EB9-478D-834A-A2CA20F5F306}.Debug|Any CPU.ActiveCfg = Debug|Any CPU
		{83BF6AFD-3EB9-478D-834A-A2CA20F5F306}.Debug|Any CPU.Build.0 = Debug|Any CPU
		{83BF6AFD-3EB9-478D-834A-A2CA20F5F306}.Release|Any CPU.ActiveCfg = Release|Any CPU
		{83BF6AFD-3EB9-478D-834A-A2CA20F5F306}.Release|Any CPU.Build.0 = Release|Any CPU
		{993C96EB-978C-4C9F-920B-FCF55FB25026}.Debug|Any CPU.ActiveCfg = Debug|Any CPU
		{993C96EB-978C-4C9F-920B-FCF55FB25026}.Debug|Any CPU.Build.0 = Debug|Any CPU
		{993C96EB-978C-4C9F-920B-FCF55FB25026}.Release|Any CPU.ActiveCfg = Release|Any CPU
		{993C96EB-978C-4C9F-920B-FCF55FB25026}.Release|Any CPU.Build.0 = Release|Any CPU
		{49D9D649-26F4-4A4B-95A8-9A1BEE16200E}.Debug|Any CPU.ActiveCfg = Debug|Any CPU
		{49D9D649-26F4-4A4B-95A8-9A1BEE16200E}.Debug|Any CPU.Build.0 = Debug|Any CPU
		{49D9D649-26F4-4A4B-95A8-9A1BEE16200E}.Release|Any CPU.ActiveCfg = Release|Any CPU
		{49D9D649-26F4-4A4B-95A8-9A1BEE16200E}.Release|Any CPU.Build.0 = Release|Any CPU
		{3F67F1AC-1C51-4B03-B09B-F69444FCF5D9}.Debug|Any CPU.ActiveCfg = Debug|Any CPU
		{3F67F1AC-1C51-4B03-B09B-F69444FCF5D9}.Debug|Any CPU.Build.0 = Debug|Any CPU
		{3F67F1AC-1C51-4B03-B09B-F69444FCF5D9}.Release|Any CPU.ActiveCfg = Release|Any CPU
		{3F67F1AC-1C51-4B03-B09B-F69444FCF5D9}.Release|Any CPU.Build.0 = Release|Any CPU
		{1DF783C2-C459-44A5-BCD7-8B4A46507AD7}.Debug|Any CPU.ActiveCfg = Debug|Any CPU
		{1DF783C2-C459-44A5-BCD7-8B4A46507AD7}.Debug|Any CPU.Build.0 = Debug|Any CPU
		{1DF783C2-C459-44A5-BCD7-8B4A46507AD7}.Release|Any CPU.ActiveCfg = Release|Any CPU
		{1DF783C2-C459-44A5-BCD7-8B4A46507AD7}.Release|Any CPU.Build.0 = Release|Any CPU
		{CF0DE47D-05E0-4092-932E-0200593B04BE}.Debug|Any CPU.ActiveCfg = Debug|Any CPU
		{CF0DE47D-05E0-4092-932E-0200593B04BE}.Debug|Any CPU.Build.0 = Debug|Any CPU
		{CF0DE47D-05E0-4092-932E-0200593B04BE}.Release|Any CPU.ActiveCfg = Release|Any CPU
		{CF0DE47D-05E0-4092-932E-0200593B04BE}.Release|Any CPU.Build.0 = Release|Any CPU
		{C2DF4E1C-0F37-4341-A3BE-8647027BB42C}.Debug|Any CPU.ActiveCfg = Debug|Any CPU
		{C2DF4E1C-0F37-4341-A3BE-8647027BB42C}.Debug|Any CPU.Build.0 = Debug|Any CPU
		{C2DF4E1C-0F37-4341-A3BE-8647027BB42C}.Release|Any CPU.ActiveCfg = Release|Any CPU
		{C2DF4E1C-0F37-4341-A3BE-8647027BB42C}.Release|Any CPU.Build.0 = Release|Any CPU
		{DD52F8AE-9511-4340-AB28-299BBF674A94}.Debug|Any CPU.ActiveCfg = Debug|Any CPU
		{DD52F8AE-9511-4340-AB28-299BBF674A94}.Debug|Any CPU.Build.0 = Debug|Any CPU
		{DD52F8AE-9511-4340-AB28-299BBF674A94}.Release|Any CPU.ActiveCfg = Release|Any CPU
		{DD52F8AE-9511-4340-AB28-299BBF674A94}.Release|Any CPU.Build.0 = Release|Any CPU
		{69F0BF41-2EB9-469D-ADCF-D52B2E95311F}.Debug|Any CPU.ActiveCfg = Debug|Any CPU
		{69F0BF41-2EB9-469D-ADCF-D52B2E95311F}.Debug|Any CPU.Build.0 = Debug|Any CPU
		{69F0BF41-2EB9-469D-ADCF-D52B2E95311F}.Release|Any CPU.ActiveCfg = Release|Any CPU
		{69F0BF41-2EB9-469D-ADCF-D52B2E95311F}.Release|Any CPU.Build.0 = Release|Any CPU
		{5C19B343-D09A-4F4C-98CA-FC1CBDE65EB5}.Debug|Any CPU.ActiveCfg = Debug|Any CPU
		{5C19B343-D09A-4F4C-98CA-FC1CBDE65EB5}.Debug|Any CPU.Build.0 = Debug|Any CPU
		{5C19B343-D09A-4F4C-98CA-FC1CBDE65EB5}.Release|Any CPU.ActiveCfg = Release|Any CPU
		{5C19B343-D09A-4F4C-98CA-FC1CBDE65EB5}.Release|Any CPU.Build.0 = Release|Any CPU
		{F67A134B-EDB7-4D18-ADE9-09322916F9A2}.Debug|Any CPU.ActiveCfg = Debug|Any CPU
		{F67A134B-EDB7-4D18-ADE9-09322916F9A2}.Debug|Any CPU.Build.0 = Debug|Any CPU
		{F67A134B-EDB7-4D18-ADE9-09322916F9A2}.Release|Any CPU.ActiveCfg = Release|Any CPU
		{F67A134B-EDB7-4D18-ADE9-09322916F9A2}.Release|Any CPU.Build.0 = Release|Any CPU
		{40F6729B-D82D-4168-AFEB-276E7A986FA4}.Debug|Any CPU.ActiveCfg = Debug|Any CPU
		{40F6729B-D82D-4168-AFEB-276E7A986FA4}.Debug|Any CPU.Build.0 = Debug|Any CPU
		{40F6729B-D82D-4168-AFEB-276E7A986FA4}.Release|Any CPU.ActiveCfg = Release|Any CPU
		{40F6729B-D82D-4168-AFEB-276E7A986FA4}.Release|Any CPU.Build.0 = Release|Any CPU
		{6BD6CB91-D39C-4AF5-922C-24836F8FDC91}.Debug|Any CPU.ActiveCfg = Debug|Any CPU
		{6BD6CB91-D39C-4AF5-922C-24836F8FDC91}.Debug|Any CPU.Build.0 = Debug|Any CPU
		{6BD6CB91-D39C-4AF5-922C-24836F8FDC91}.Release|Any CPU.ActiveCfg = Release|Any CPU
		{6BD6CB91-D39C-4AF5-922C-24836F8FDC91}.Release|Any CPU.Build.0 = Release|Any CPU
		{7462F877-3E4A-4558-9479-C90BC1D20E70}.Debug|Any CPU.ActiveCfg = Debug|Any CPU
		{7462F877-3E4A-4558-9479-C90BC1D20E70}.Debug|Any CPU.Build.0 = Debug|Any CPU
		{7462F877-3E4A-4558-9479-C90BC1D20E70}.Release|Any CPU.ActiveCfg = Release|Any CPU
		{7462F877-3E4A-4558-9479-C90BC1D20E70}.Release|Any CPU.Build.0 = Release|Any CPU
		{4FAF8CBD-4C05-448B-9CCA-3A3571E6E6C0}.Debug|Any CPU.ActiveCfg = Debug|Any CPU
		{4FAF8CBD-4C05-448B-9CCA-3A3571E6E6C0}.Debug|Any CPU.Build.0 = Debug|Any CPU
		{4FAF8CBD-4C05-448B-9CCA-3A3571E6E6C0}.Release|Any CPU.ActiveCfg = Release|Any CPU
		{4FAF8CBD-4C05-448B-9CCA-3A3571E6E6C0}.Release|Any CPU.Build.0 = Release|Any CPU
		{334C8237-7B95-4BB8-80ED-FECEE6DE771E}.Debug|Any CPU.ActiveCfg = Debug|Any CPU
		{334C8237-7B95-4BB8-80ED-FECEE6DE771E}.Debug|Any CPU.Build.0 = Debug|Any CPU
		{334C8237-7B95-4BB8-80ED-FECEE6DE771E}.Release|Any CPU.ActiveCfg = Release|Any CPU
		{334C8237-7B95-4BB8-80ED-FECEE6DE771E}.Release|Any CPU.Build.0 = Release|Any CPU
		{BF0A03A0-E00D-47DB-A8C3-65D5257B86B4}.Debug|Any CPU.ActiveCfg = Debug|Any CPU
		{BF0A03A0-E00D-47DB-A8C3-65D5257B86B4}.Debug|Any CPU.Build.0 = Debug|Any CPU
		{BF0A03A0-E00D-47DB-A8C3-65D5257B86B4}.Release|Any CPU.ActiveCfg = Release|Any CPU
		{BF0A03A0-E00D-47DB-A8C3-65D5257B86B4}.Release|Any CPU.Build.0 = Release|Any CPU
		{C6A92F8B-D117-4A22-94A7-CED5BB3814D4}.Debug|Any CPU.ActiveCfg = Debug|Any CPU
		{C6A92F8B-D117-4A22-94A7-CED5BB3814D4}.Debug|Any CPU.Build.0 = Debug|Any CPU
		{C6A92F8B-D117-4A22-94A7-CED5BB3814D4}.Release|Any CPU.ActiveCfg = Release|Any CPU
		{C6A92F8B-D117-4A22-94A7-CED5BB3814D4}.Release|Any CPU.Build.0 = Release|Any CPU
		{5408F03D-2585-411A-BC61-3DDF989D1856}.Debug|Any CPU.ActiveCfg = Debug|Any CPU
		{5408F03D-2585-411A-BC61-3DDF989D1856}.Debug|Any CPU.Build.0 = Debug|Any CPU
		{5408F03D-2585-411A-BC61-3DDF989D1856}.Release|Any CPU.ActiveCfg = Release|Any CPU
		{5408F03D-2585-411A-BC61-3DDF989D1856}.Release|Any CPU.Build.0 = Release|Any CPU
		{D0DBB46B-130C-4B57-830A-2768606D3E7A}.Debug|Any CPU.ActiveCfg = Debug|Any CPU
		{D0DBB46B-130C-4B57-830A-2768606D3E7A}.Debug|Any CPU.Build.0 = Debug|Any CPU
		{D0DBB46B-130C-4B57-830A-2768606D3E7A}.Release|Any CPU.ActiveCfg = Release|Any CPU
		{D0DBB46B-130C-4B57-830A-2768606D3E7A}.Release|Any CPU.Build.0 = Release|Any CPU
		{0207FC87-90F6-4956-B69C-69CC4987B42F}.Debug|Any CPU.ActiveCfg = Debug|Any CPU
		{0207FC87-90F6-4956-B69C-69CC4987B42F}.Debug|Any CPU.Build.0 = Debug|Any CPU
		{0207FC87-90F6-4956-B69C-69CC4987B42F}.Release|Any CPU.ActiveCfg = Release|Any CPU
		{0207FC87-90F6-4956-B69C-69CC4987B42F}.Release|Any CPU.Build.0 = Release|Any CPU
		{2321F7A2-684C-43FA-9266-98E12841D63B}.Debug|Any CPU.ActiveCfg = Debug|Any CPU
		{2321F7A2-684C-43FA-9266-98E12841D63B}.Debug|Any CPU.Build.0 = Debug|Any CPU
		{2321F7A2-684C-43FA-9266-98E12841D63B}.Release|Any CPU.ActiveCfg = Release|Any CPU
		{2321F7A2-684C-43FA-9266-98E12841D63B}.Release|Any CPU.Build.0 = Release|Any CPU
		{A7FC6936-6FF2-450C-8C6B-4A7019ED238D}.Debug|Any CPU.ActiveCfg = Debug|Any CPU
		{A7FC6936-6FF2-450C-8C6B-4A7019ED238D}.Debug|Any CPU.Build.0 = Debug|Any CPU
		{A7FC6936-6FF2-450C-8C6B-4A7019ED238D}.Release|Any CPU.ActiveCfg = Release|Any CPU
		{A7FC6936-6FF2-450C-8C6B-4A7019ED238D}.Release|Any CPU.Build.0 = Release|Any CPU
		{C41382C2-6407-42D1-84B5-64197B6C9CB4}.Debug|Any CPU.ActiveCfg = Debug|Any CPU
		{C41382C2-6407-42D1-84B5-64197B6C9CB4}.Debug|Any CPU.Build.0 = Debug|Any CPU
		{C41382C2-6407-42D1-84B5-64197B6C9CB4}.Release|Any CPU.ActiveCfg = Release|Any CPU
		{C41382C2-6407-42D1-84B5-64197B6C9CB4}.Release|Any CPU.Build.0 = Release|Any CPU
		{73E584D0-9A52-45C7-B7E5-2878CF975963}.Debug|Any CPU.ActiveCfg = Debug|Any CPU
		{73E584D0-9A52-45C7-B7E5-2878CF975963}.Debug|Any CPU.Build.0 = Debug|Any CPU
		{73E584D0-9A52-45C7-B7E5-2878CF975963}.Release|Any CPU.ActiveCfg = Release|Any CPU
		{73E584D0-9A52-45C7-B7E5-2878CF975963}.Release|Any CPU.Build.0 = Release|Any CPU
		{55781816-5E1D-4587-BC81-AE0D3962945F}.Debug|Any CPU.ActiveCfg = Debug|Any CPU
		{55781816-5E1D-4587-BC81-AE0D3962945F}.Debug|Any CPU.Build.0 = Debug|Any CPU
		{55781816-5E1D-4587-BC81-AE0D3962945F}.Release|Any CPU.ActiveCfg = Release|Any CPU
		{55781816-5E1D-4587-BC81-AE0D3962945F}.Release|Any CPU.Build.0 = Release|Any CPU
		{1BDC8965-7472-4EFA-915A-C3D018E29A10}.Debug|Any CPU.ActiveCfg = Debug|Any CPU
		{1BDC8965-7472-4EFA-915A-C3D018E29A10}.Debug|Any CPU.Build.0 = Debug|Any CPU
		{1BDC8965-7472-4EFA-915A-C3D018E29A10}.Release|Any CPU.ActiveCfg = Release|Any CPU
		{1BDC8965-7472-4EFA-915A-C3D018E29A10}.Release|Any CPU.Build.0 = Release|Any CPU
		{1CDC4842-CEBC-4D4E-B4CE-B6D0E24D51B5}.Debug|Any CPU.ActiveCfg = Debug|Any CPU
		{1CDC4842-CEBC-4D4E-B4CE-B6D0E24D51B5}.Debug|Any CPU.Build.0 = Debug|Any CPU
		{1CDC4842-CEBC-4D4E-B4CE-B6D0E24D51B5}.Release|Any CPU.ActiveCfg = Release|Any CPU
		{1CDC4842-CEBC-4D4E-B4CE-B6D0E24D51B5}.Release|Any CPU.Build.0 = Release|Any CPU
		{A7207E22-F219-4C4E-9B07-AC676610BB0A}.Debug|Any CPU.ActiveCfg = Debug|Any CPU
		{A7207E22-F219-4C4E-9B07-AC676610BB0A}.Debug|Any CPU.Build.0 = Debug|Any CPU
		{A7207E22-F219-4C4E-9B07-AC676610BB0A}.Release|Any CPU.ActiveCfg = Release|Any CPU
		{A7207E22-F219-4C4E-9B07-AC676610BB0A}.Release|Any CPU.Build.0 = Release|Any CPU
		{FA77F870-33F9-4AD7-9809-3A996252859F}.Debug|Any CPU.ActiveCfg = Debug|Any CPU
		{FA77F870-33F9-4AD7-9809-3A996252859F}.Debug|Any CPU.Build.0 = Debug|Any CPU
		{FA77F870-33F9-4AD7-9809-3A996252859F}.Release|Any CPU.ActiveCfg = Release|Any CPU
		{FA77F870-33F9-4AD7-9809-3A996252859F}.Release|Any CPU.Build.0 = Release|Any CPU
		{5EF5ED5E-E734-448B-93AA-C839DBFBD871}.Debug|Any CPU.ActiveCfg = Debug|Any CPU
		{5EF5ED5E-E734-448B-93AA-C839DBFBD871}.Debug|Any CPU.Build.0 = Debug|Any CPU
		{5EF5ED5E-E734-448B-93AA-C839DBFBD871}.Release|Any CPU.ActiveCfg = Release|Any CPU
		{5EF5ED5E-E734-448B-93AA-C839DBFBD871}.Release|Any CPU.Build.0 = Release|Any CPU
		{5EC321B8-F648-4306-99DE-69D5AD44D773}.Debug|Any CPU.ActiveCfg = Debug|Any CPU
		{5EC321B8-F648-4306-99DE-69D5AD44D773}.Debug|Any CPU.Build.0 = Debug|Any CPU
		{5EC321B8-F648-4306-99DE-69D5AD44D773}.Release|Any CPU.ActiveCfg = Release|Any CPU
		{5EC321B8-F648-4306-99DE-69D5AD44D773}.Release|Any CPU.Build.0 = Release|Any CPU
		{1F970107-038B-48F9-880F-79E8D04BE98E}.Debug|Any CPU.ActiveCfg = Debug|Any CPU
		{1F970107-038B-48F9-880F-79E8D04BE98E}.Debug|Any CPU.Build.0 = Debug|Any CPU
		{1F970107-038B-48F9-880F-79E8D04BE98E}.Release|Any CPU.ActiveCfg = Release|Any CPU
		{1F970107-038B-48F9-880F-79E8D04BE98E}.Release|Any CPU.Build.0 = Release|Any CPU
		{451874AC-202D-45BE-AB5B-600B09A4FD76}.Debug|Any CPU.ActiveCfg = Debug|Any CPU
		{451874AC-202D-45BE-AB5B-600B09A4FD76}.Debug|Any CPU.Build.0 = Debug|Any CPU
		{451874AC-202D-45BE-AB5B-600B09A4FD76}.Release|Any CPU.ActiveCfg = Release|Any CPU
		{451874AC-202D-45BE-AB5B-600B09A4FD76}.Release|Any CPU.Build.0 = Release|Any CPU
	EndGlobalSection
	GlobalSection(SolutionProperties) = preSolution
		HideSolutionNode = FALSE
	EndGlobalSection
	GlobalSection(NestedProjects) = preSolution
		{3E4BDAE5-9D01-428D-A48F-5A8F943FE139} = {20962596-4F49-4F8F-9145-CCD9E1D0EEF0}
		{F18CA1AA-1C81-4D36-9AFE-463039E910C5} = {20962596-4F49-4F8F-9145-CCD9E1D0EEF0}
		{AD0F80D5-9866-4BE6-990B-9324F07B7DB3} = {7A557690-74A2-4445-9ACB-99471FFB6386}
		{F38B5E2B-85FC-47D5-9475-DDD8FE07FC1A} = {7A557690-74A2-4445-9ACB-99471FFB6386}
		{14C55602-1643-4190-98E5-D6031933BE9C} = {C8D1C535-C743-49FF-8C9E-A24FF1956616}
		{D5EE4983-5F28-4909-8B51-7EA8A5B772D0} = {3E4BDAE5-9D01-428D-A48F-5A8F943FE139}
		{43DD894A-8903-4ABD-A311-023436355CB1} = {3E4BDAE5-9D01-428D-A48F-5A8F943FE139}
		{79A004BD-8413-4EDD-A597-91DBF102203D} = {3E4BDAE5-9D01-428D-A48F-5A8F943FE139}
		{AE97027B-AB8D-4981-A8D3-AAE8FA7BA9A5} = {3E4BDAE5-9D01-428D-A48F-5A8F943FE139}
		{7281AD30-0ACD-4DCA-A953-2E3108C67A9F} = {3E4BDAE5-9D01-428D-A48F-5A8F943FE139}
		{E30AC131-A9E1-4467-A9AA-8F4FA8185A21} = {3E4BDAE5-9D01-428D-A48F-5A8F943FE139}
		{E2B9D48E-8C2F-4788-B0FD-E7D205ED4ADC} = {F18CA1AA-1C81-4D36-9AFE-463039E910C5}
		{0A4B5B08-AC52-4678-9DFF-D81071C79D6D} = {F18CA1AA-1C81-4D36-9AFE-463039E910C5}
		{FDDB9ADC-7A54-41C9-AA6F-09022584AB5D} = {F18CA1AA-1C81-4D36-9AFE-463039E910C5}
		{6F1F9737-8F24-4B4B-A9A8-E5F8E7B81F41} = {F18CA1AA-1C81-4D36-9AFE-463039E910C5}
		{90CBDA50-8A86-405F-8FE0-17BDB174D01A} = {F18CA1AA-1C81-4D36-9AFE-463039E910C5}
		{FA95B583-99B3-4A79-80FB-2078D6D7BE80} = {F18CA1AA-1C81-4D36-9AFE-463039E910C5}
		{E05E567D-A502-48AD-B50C-47A683D5C4D8} = {F18CA1AA-1C81-4D36-9AFE-463039E910C5}
		{BC1E392D-C850-43AE-AE5F-C684E5BD8246} = {20962596-4F49-4F8F-9145-CCD9E1D0EEF0}
		{7A557690-74A2-4445-9ACB-99471FFB6386} = {C92D2A06-948D-455B-A37A-FD3F9AEEA75B}
		{C8D1C535-C743-49FF-8C9E-A24FF1956616} = {C92D2A06-948D-455B-A37A-FD3F9AEEA75B}
		{FB608317-87BC-4C9B-96E5-746DEA42BB7D} = {7A557690-74A2-4445-9ACB-99471FFB6386}
		{5DA54580-4412-40C5-A7A4-858A6256DCC6} = {C8D1C535-C743-49FF-8C9E-A24FF1956616}
		{8593219D-A865-4294-91D5-5E6AA97BFB3B} = {14C55602-1643-4190-98E5-D6031933BE9C}
		{5ADD43E9-67CF-4936-AA1D-E7D5EB29BC2E} = {14C55602-1643-4190-98E5-D6031933BE9C}
		{E509EB72-7307-46AB-8EDC-15FA710D23E0} = {F38B5E2B-85FC-47D5-9475-DDD8FE07FC1A}
		{9A391F35-9902-40E2-BB8F-0DCF70D93555} = {F38B5E2B-85FC-47D5-9475-DDD8FE07FC1A}
		{F1C7B178-F832-4BB7-ABCE-402DD81F424D} = {9085DC01-D7E4-41CA-9A48-D521F596FB20}
		{A9A4A840-E728-4C38-98FF-D26A8EB81018} = {BC1E392D-C850-43AE-AE5F-C684E5BD8246}
		{CD01AA0F-D628-4B3E-A095-B77A1D4BC7EA} = {3E4BDAE5-9D01-428D-A48F-5A8F943FE139}
		{8AEB36D6-91D9-4F48-8DFD-6B2E9E27DD7D} = {3E4BDAE5-9D01-428D-A48F-5A8F943FE139}
		{661587D6-A78E-4EEB-B990-A7C94A5A1706} = {F18CA1AA-1C81-4D36-9AFE-463039E910C5}
		{D9A3C4E6-CD1A-4C6E-AF3E-D5EE9E971B99} = {BC1E392D-C850-43AE-AE5F-C684E5BD8246}
		{A01D4F34-D88E-4D41-A8B7-D0AA989234D3} = {D9A3C4E6-CD1A-4C6E-AF3E-D5EE9E971B99}
		{BA4C9BED-4C6B-4EE4-BB2C-481A915EEC50} = {D9A3C4E6-CD1A-4C6E-AF3E-D5EE9E971B99}
		{153924BB-6E93-48A8-B654-0A453FE0773F} = {D9A3C4E6-CD1A-4C6E-AF3E-D5EE9E971B99}
		{A381468D-AB40-4D0C-914E-9C75BE56EC61} = {D9A3C4E6-CD1A-4C6E-AF3E-D5EE9E971B99}
		{B1A2A5B2-1473-4BFE-A5D8-C4F5CC9AF91B} = {F18CA1AA-1C81-4D36-9AFE-463039E910C5}
		{DA737249-975C-429E-88DC-5535C4DC0310} = {B1A2A5B2-1473-4BFE-A5D8-C4F5CC9AF91B}
		{4390C66B-9667-4AE5-8C4D-A6A6D4F79576} = {B1A2A5B2-1473-4BFE-A5D8-C4F5CC9AF91B}
		{A16CFFCC-7CD0-46E1-9488-315708F968AF} = {B1A2A5B2-1473-4BFE-A5D8-C4F5CC9AF91B}
		{CF993624-123E-42E4-9890-4BBA08699474} = {BC1E392D-C850-43AE-AE5F-C684E5BD8246}
		{2F7148F8-1ECD-448F-A43C-5B128029EE5B} = {D9A3C4E6-CD1A-4C6E-AF3E-D5EE9E971B99}
		{E7D0F67A-DD58-4B3B-8781-9C43A42C5CC3} = {7A557690-74A2-4445-9ACB-99471FFB6386}
		{59326AF4-5658-427F-8A51-8EEB8069AD47} = {E7D0F67A-DD58-4B3B-8781-9C43A42C5CC3}
		{B0639C97-B889-4F6E-9FC4-16DC7FBF175D} = {E7D0F67A-DD58-4B3B-8781-9C43A42C5CC3}
		{0981D2BC-8812-4853-9BF4-BB06D07BEF67} = {C8D1C535-C743-49FF-8C9E-A24FF1956616}
		{8F97B7DE-5032-4C7D-A4FE-B172B95E5108} = {0981D2BC-8812-4853-9BF4-BB06D07BEF67}
		{D57C1890-A023-4DDE-8834-05D9C9F33280} = {D9A3C4E6-CD1A-4C6E-AF3E-D5EE9E971B99}
		{941A165E-90A8-4DDC-B4D7-8785C75A733A} = {E7D0F67A-DD58-4B3B-8781-9C43A42C5CC3}
		{1CA7C14F-6E72-4A74-B489-7CD0C0136CD6} = {3E4BDAE5-9D01-428D-A48F-5A8F943FE139}
		{F38C25E0-B91F-4337-8848-EA87CD2DB928} = {3E4BDAE5-9D01-428D-A48F-5A8F943FE139}
		{A111616F-9CA4-4229-BA2D-11C56ECFE9C7} = {3E4BDAE5-9D01-428D-A48F-5A8F943FE139}
		{E9D04675-63E2-4DE2-B3F0-49A6D8168E15} = {3E4BDAE5-9D01-428D-A48F-5A8F943FE139}
		{AD60B2C8-CA48-4D12-B7E7-4F6EE9539640} = {D9A3C4E6-CD1A-4C6E-AF3E-D5EE9E971B99}
		{C7607972-6CE5-4606-9DED-B8FC83ECD96F} = {B1A2A5B2-1473-4BFE-A5D8-C4F5CC9AF91B}
		{7C9DD3BB-942C-4869-8444-E3D60EC47860} = {C92D2A06-948D-455B-A37A-FD3F9AEEA75B}
		{5FBD1C82-E43E-45B8-882C-9E8FB616A1CF} = {7C9DD3BB-942C-4869-8444-E3D60EC47860}
		{83BF6AFD-3EB9-478D-834A-A2CA20F5F306} = {FB608317-87BC-4C9B-96E5-746DEA42BB7D}
		{993C96EB-978C-4C9F-920B-FCF55FB25026} = {FB608317-87BC-4C9B-96E5-746DEA42BB7D}
		{49D9D649-26F4-4A4B-95A8-9A1BEE16200E} = {FB608317-87BC-4C9B-96E5-746DEA42BB7D}
		{3F67F1AC-1C51-4B03-B09B-F69444FCF5D9} = {5DA54580-4412-40C5-A7A4-858A6256DCC6}
		{1DF783C2-C459-44A5-BCD7-8B4A46507AD7} = {5DA54580-4412-40C5-A7A4-858A6256DCC6}
		{CF0DE47D-05E0-4092-932E-0200593B04BE} = {5DA54580-4412-40C5-A7A4-858A6256DCC6}
		{C2DF4E1C-0F37-4341-A3BE-8647027BB42C} = {D9A3C4E6-CD1A-4C6E-AF3E-D5EE9E971B99}
		{DD52F8AE-9511-4340-AB28-299BBF674A94} = {B1A2A5B2-1473-4BFE-A5D8-C4F5CC9AF91B}
		{69F0BF41-2EB9-469D-ADCF-D52B2E95311F} = {F18CA1AA-1C81-4D36-9AFE-463039E910C5}
		{5C19B343-D09A-4F4C-98CA-FC1CBDE65EB5} = {B1A2A5B2-1473-4BFE-A5D8-C4F5CC9AF91B}
		{F67A134B-EDB7-4D18-ADE9-09322916F9A2} = {D9A3C4E6-CD1A-4C6E-AF3E-D5EE9E971B99}
		{40F6729B-D82D-4168-AFEB-276E7A986FA4} = {F18CA1AA-1C81-4D36-9AFE-463039E910C5}
		{6BD6CB91-D39C-4AF5-922C-24836F8FDC91} = {B1A2A5B2-1473-4BFE-A5D8-C4F5CC9AF91B}
		{7462F877-3E4A-4558-9479-C90BC1D20E70} = {D9A3C4E6-CD1A-4C6E-AF3E-D5EE9E971B99}
		{4FAF8CBD-4C05-448B-9CCA-3A3571E6E6C0} = {B1A2A5B2-1473-4BFE-A5D8-C4F5CC9AF91B}
		{334C8237-7B95-4BB8-80ED-FECEE6DE771E} = {D9A3C4E6-CD1A-4C6E-AF3E-D5EE9E971B99}
		{BF0A03A0-E00D-47DB-A8C3-65D5257B86B4} = {D412DDFA-3A6F-4F0C-9D02-A0C79F649DA2}
		{F5DA1F02-8028-4E67-989B-655754D46885} = {C92D2A06-948D-455B-A37A-FD3F9AEEA75B}
		{1EA82BEB-5544-4557-9D60-41EEA413077D} = {F5DA1F02-8028-4E67-989B-655754D46885}
		{C6A92F8B-D117-4A22-94A7-CED5BB3814D4} = {5FBD1C82-E43E-45B8-882C-9E8FB616A1CF}
		{5408F03D-2585-411A-BC61-3DDF989D1856} = {5FBD1C82-E43E-45B8-882C-9E8FB616A1CF}
		{D0DBB46B-130C-4B57-830A-2768606D3E7A} = {F18CA1AA-1C81-4D36-9AFE-463039E910C5}
		{0207FC87-90F6-4956-B69C-69CC4987B42F} = {B1A2A5B2-1473-4BFE-A5D8-C4F5CC9AF91B}
		{2321F7A2-684C-43FA-9266-98E12841D63B} = {D9A3C4E6-CD1A-4C6E-AF3E-D5EE9E971B99}
		{78C8E1D1-2C28-4678-9395-311E875157A9} = {F5DA1F02-8028-4E67-989B-655754D46885}
		{494DE85A-19DE-40C3-8DFF-FF87F943AE85} = {F5DA1F02-8028-4E67-989B-655754D46885}
		{A7FC6936-6FF2-450C-8C6B-4A7019ED238D} = {1EA82BEB-5544-4557-9D60-41EEA413077D}
		{C41382C2-6407-42D1-84B5-64197B6C9CB4} = {1EA82BEB-5544-4557-9D60-41EEA413077D}
		{73E584D0-9A52-45C7-B7E5-2878CF975963} = {494DE85A-19DE-40C3-8DFF-FF87F943AE85}
		{55781816-5E1D-4587-BC81-AE0D3962945F} = {494DE85A-19DE-40C3-8DFF-FF87F943AE85}
		{1BDC8965-7472-4EFA-915A-C3D018E29A10} = {494DE85A-19DE-40C3-8DFF-FF87F943AE85}
		{1CDC4842-CEBC-4D4E-B4CE-B6D0E24D51B5} = {78C8E1D1-2C28-4678-9395-311E875157A9}
		{A7207E22-F219-4C4E-9B07-AC676610BB0A} = {78C8E1D1-2C28-4678-9395-311E875157A9}
		{D4998A72-37CC-4683-AEC5-0111CCB9154B} = {F5DA1F02-8028-4E67-989B-655754D46885}
		{FA77F870-33F9-4AD7-9809-3A996252859F} = {D4998A72-37CC-4683-AEC5-0111CCB9154B}
		{5EF5ED5E-E734-448B-93AA-C839DBFBD871} = {D4998A72-37CC-4683-AEC5-0111CCB9154B}
		{5EC321B8-F648-4306-99DE-69D5AD44D773} = {B1A2A5B2-1473-4BFE-A5D8-C4F5CC9AF91B}
		{1F970107-038B-48F9-880F-79E8D04BE98E} = {D9A3C4E6-CD1A-4C6E-AF3E-D5EE9E971B99}
		{451874AC-202D-45BE-AB5B-600B09A4FD76} = {F18CA1AA-1C81-4D36-9AFE-463039E910C5}
		{16142B53-C936-46F0-8EBB-F0C480CAA492} = {AD0F80D5-9866-4BE6-990B-9324F07B7DB3}
		{5E8262E6-8CAC-4D07-A9BB-F799D20C764D} = {AD0F80D5-9866-4BE6-990B-9324F07B7DB3}
	EndGlobalSection
EndGlobal
